
Microsoft Visual Studio Solution File, Format Version 12.00
# Visual Studio Version 17
VisualStudioVersion = 17.7.34031.279
MinimumVisualStudioVersion = 10.0.40219.1
Project("{54A90642-561A-4BB1-A94E-469ADEE60C69}") = "reactapp", "reactapp\reactapp.esproj", "{B58180D4-1E89-4212-9943-64708CD9CDF6}"
EndProject
Project("{9A19103F-16F7-4668-BE54-9A1E7A4F7556}") = "webapi", "webapi\webapi.csproj", "{66EE8A0B-9B67-46DB-9F1F-F9179A5DB7CB}"
EndProject
Global
	GlobalSection(SolutionConfigurationPlatforms) = preSolution
		Debug|Any CPU = Debug|Any CPU
		Release|Any CPU = Release|Any CPU
	EndGlobalSection
	GlobalSection(ProjectConfigurationPlatforms) = postSolution
		{B58180D4-1E89-4212-9943-64708CD9CDF6}.Debug|Any CPU.ActiveCfg = Debug|Any CPU
		{B58180D4-1E89-4212-9943-64708CD9CDF6}.Debug|Any CPU.Build.0 = Debug|Any CPU
		{B58180D4-1E89-4212-9943-64708CD9CDF6}.Debug|Any CPU.Deploy.0 = Debug|Any CPU
		{B58180D4-1E89-4212-9943-64708CD9CDF6}.Release|Any CPU.ActiveCfg = Release|Any CPU
		{B58180D4-1E89-4212-9943-64708CD9CDF6}.Release|Any CPU.Build.0 = Release|Any CPU
		{B58180D4-1E89-4212-9943-64708CD9CDF6}.Release|Any CPU.Deploy.0 = Release|Any CPU
		{66EE8A0B-9B67-46DB-9F1F-F9179A5DB7CB}.Debug|Any CPU.ActiveCfg = Debug|Any CPU
		{66EE8A0B-9B67-46DB-9F1F-F9179A5DB7CB}.Debug|Any CPU.Build.0 = Debug|Any CPU
		{66EE8A0B-9B67-46DB-9F1F-F9179A5DB7CB}.Release|Any CPU.ActiveCfg = Release|Any CPU
		{66EE8A0B-9B67-46DB-9F1F-F9179A5DB7CB}.Release|Any CPU.Build.0 = Release|Any CPU
	EndGlobalSection
	GlobalSection(SolutionProperties) = preSolution
		HideSolutionNode = FALSE
	EndGlobalSection
	GlobalSection(ExtensibilityGlobals) = postSolution
		SolutionGuid = {38AE667F-CBA6-475E-8880-3EC0DE81986D}
	EndGlobalSection
EndGlobal
